
Microsoft Visual Studio Solution File, Format Version 12.00
# Visual Studio 15
VisualStudioVersion = 15.0.26430.16
MinimumVisualStudioVersion = 10.0.40219.1
Project("{FAE04EC0-301F-11D3-BF4B-00C04F79EFBC}") = "exam 1", "exam 1\exam 1.csproj", "{A02AC118-69B3-4990-8E41-30197FED3649}"
EndProject
Project("{FAE04EC0-301F-11D3-BF4B-00C04F79EFBC}") = "exam 2", "exam 2\exam 2.csproj", "{F6AC5706-0B06-49C5-A1BF-478D9E210EB1}"
EndProject
Project("{FAE04EC0-301F-11D3-BF4B-00C04F79EFBC}") = "exam 3", "exam 3\exam 3.csproj", "{C3435438-647B-4986-9D9F-CAC061E857F8}"
EndProject
Project("{FAE04EC0-301F-11D3-BF4B-00C04F79EFBC}") = "exam 4", "exam 4\exam 4.csproj", "{F4EA9CE9-1E1F-46FF-AC89-31BDA950FC50}"
EndProject
Project("{FAE04EC0-301F-11D3-BF4B-00C04F79EFBC}") = "exam 5", "exam 5\exam 5.csproj", "{7742E8CB-7DC2-46EE-8C35-E94C059DBBFE}"
EndProject
Project("{FAE04EC0-301F-11D3-BF4B-00C04F79EFBC}") = "exam 6", "exam 6\exam 6.csproj", "{15C56EB4-F0C6-4FF8-8641-11FB8C83C967}"
EndProject
Project("{FAE04EC0-301F-11D3-BF4B-00C04F79EFBC}") = "exam 7", "exam 7\exam 7.csproj", "{0674A565-A3E2-4788-9524-859D61B27067}"
EndProject
Project("{FAE04EC0-301F-11D3-BF4B-00C04F79EFBC}") = "exam 8", "exam 8\exam 8.csproj", "{AD6A757F-1607-4A4C-8E4A-2C753F834C00}"
EndProject
Project("{FAE04EC0-301F-11D3-BF4B-00C04F79EFBC}") = "exam 9", "exam 9\exam 9.csproj", "{928DF50E-8D79-4692-BE67-28E23280CC7E}"
EndProject
Project("{FAE04EC0-301F-11D3-BF4B-00C04F79EFBC}") = "exam 10", "exam 10\exam 10.csproj", "{C9DD9419-2624-42CD-B85F-1E86FA6E0FFA}"
EndProject
Project("{FAE04EC0-301F-11D3-BF4B-00C04F79EFBC}") = "exam 11", "exam 11\exam 11.csproj", "{C29D8915-8D7C-457B-85F7-9FD6E5370129}"
EndProject
Project("{FAE04EC0-301F-11D3-BF4B-00C04F79EFBC}") = "exam 12", "exam 12\exam 12.csproj", "{D90E77D7-6F5E-42FD-82D1-3CA97E7CB09D}"
EndProject
Project("{FAE04EC0-301F-11D3-BF4B-00C04F79EFBC}") = "exam 13", "exam 13\exam 13.csproj", "{0E51B62D-35D7-4388-A987-EF43E06230A4}"
EndProject
Project("{FAE04EC0-301F-11D3-BF4B-00C04F79EFBC}") = "exam 14", "exam 14\exam 14.csproj", "{98D264A8-0A59-433C-BCFE-7CD41F8D4306}"
EndProject
Project("{FAE04EC0-301F-11D3-BF4B-00C04F79EFBC}") = "exam 15", "exam 15\exam 15.csproj", "{A4DEB96B-96DF-4F39-9042-DFF830417121}"
EndProject
Project("{FAE04EC0-301F-11D3-BF4B-00C04F79EFBC}") = "exam 16", "exam 16\exam 16.csproj", "{0694DABB-F153-48F9-88B7-32F3F7E7B626}"
EndProject
Project("{FAE04EC0-301F-11D3-BF4B-00C04F79EFBC}") = "exam 17", "exam 17\exam 17.csproj", "{9E56C8BE-8836-4382-BEA0-2AB4C44F5A34}"
EndProject
Project("{FAE04EC0-301F-11D3-BF4B-00C04F79EFBC}") = "exam 19", "exam 19\exam 19.csproj", "{9E978633-1686-4293-98E6-C9373587D670}"
EndProject
Project("{FAE04EC0-301F-11D3-BF4B-00C04F79EFBC}") = "exam 18", "exam 18\exam 18.csproj", "{0CDCEAC1-782E-40E3-B9D9-5A7CCE65D39C}"
EndProject
Global
	GlobalSection(SolutionConfigurationPlatforms) = preSolution
		Debug|Any CPU = Debug|Any CPU
		Release|Any CPU = Release|Any CPU
	EndGlobalSection
	GlobalSection(ProjectConfigurationPlatforms) = postSolution
		{A02AC118-69B3-4990-8E41-30197FED3649}.Debug|Any CPU.ActiveCfg = Debug|Any CPU
		{A02AC118-69B3-4990-8E41-30197FED3649}.Debug|Any CPU.Build.0 = Debug|Any CPU
		{A02AC118-69B3-4990-8E41-30197FED3649}.Release|Any CPU.ActiveCfg = Release|Any CPU
		{A02AC118-69B3-4990-8E41-30197FED3649}.Release|Any CPU.Build.0 = Release|Any CPU
		{F6AC5706-0B06-49C5-A1BF-478D9E210EB1}.Debug|Any CPU.ActiveCfg = Debug|Any CPU
		{F6AC5706-0B06-49C5-A1BF-478D9E210EB1}.Debug|Any CPU.Build.0 = Debug|Any CPU
		{F6AC5706-0B06-49C5-A1BF-478D9E210EB1}.Release|Any CPU.ActiveCfg = Release|Any CPU
		{F6AC5706-0B06-49C5-A1BF-478D9E210EB1}.Release|Any CPU.Build.0 = Release|Any CPU
		{C3435438-647B-4986-9D9F-CAC061E857F8}.Debug|Any CPU.ActiveCfg = Debug|Any CPU
		{C3435438-647B-4986-9D9F-CAC061E857F8}.Debug|Any CPU.Build.0 = Debug|Any CPU
		{C3435438-647B-4986-9D9F-CAC061E857F8}.Release|Any CPU.ActiveCfg = Release|Any CPU
		{C3435438-647B-4986-9D9F-CAC061E857F8}.Release|Any CPU.Build.0 = Release|Any CPU
		{F4EA9CE9-1E1F-46FF-AC89-31BDA950FC50}.Debug|Any CPU.ActiveCfg = Debug|Any CPU
		{F4EA9CE9-1E1F-46FF-AC89-31BDA950FC50}.Debug|Any CPU.Build.0 = Debug|Any CPU
		{F4EA9CE9-1E1F-46FF-AC89-31BDA950FC50}.Release|Any CPU.ActiveCfg = Release|Any CPU
		{F4EA9CE9-1E1F-46FF-AC89-31BDA950FC50}.Release|Any CPU.Build.0 = Release|Any CPU
		{7742E8CB-7DC2-46EE-8C35-E94C059DBBFE}.Debug|Any CPU.ActiveCfg = Debug|Any CPU
		{7742E8CB-7DC2-46EE-8C35-E94C059DBBFE}.Debug|Any CPU.Build.0 = Debug|Any CPU
		{7742E8CB-7DC2-46EE-8C35-E94C059DBBFE}.Release|Any CPU.ActiveCfg = Release|Any CPU
		{7742E8CB-7DC2-46EE-8C35-E94C059DBBFE}.Release|Any CPU.Build.0 = Release|Any CPU
		{15C56EB4-F0C6-4FF8-8641-11FB8C83C967}.Debug|Any CPU.ActiveCfg = Debug|Any CPU
		{15C56EB4-F0C6-4FF8-8641-11FB8C83C967}.Debug|Any CPU.Build.0 = Debug|Any CPU
		{15C56EB4-F0C6-4FF8-8641-11FB8C83C967}.Release|Any CPU.ActiveCfg = Release|Any CPU
		{15C56EB4-F0C6-4FF8-8641-11FB8C83C967}.Release|Any CPU.Build.0 = Release|Any CPU
		{0674A565-A3E2-4788-9524-859D61B27067}.Debug|Any CPU.ActiveCfg = Debug|Any CPU
		{0674A565-A3E2-4788-9524-859D61B27067}.Debug|Any CPU.Build.0 = Debug|Any CPU
		{0674A565-A3E2-4788-9524-859D61B27067}.Release|Any CPU.ActiveCfg = Release|Any CPU
		{0674A565-A3E2-4788-9524-859D61B27067}.Release|Any CPU.Build.0 = Release|Any CPU
		{AD6A757F-1607-4A4C-8E4A-2C753F834C00}.Debug|Any CPU.ActiveCfg = Debug|Any CPU
		{AD6A757F-1607-4A4C-8E4A-2C753F834C00}.Debug|Any CPU.Build.0 = Debug|Any CPU
		{AD6A757F-1607-4A4C-8E4A-2C753F834C00}.Release|Any CPU.ActiveCfg = Release|Any CPU
		{AD6A757F-1607-4A4C-8E4A-2C753F834C00}.Release|Any CPU.Build.0 = Release|Any CPU
		{928DF50E-8D79-4692-BE67-28E23280CC7E}.Debug|Any CPU.ActiveCfg = Debug|Any CPU
		{928DF50E-8D79-4692-BE67-28E23280CC7E}.Debug|Any CPU.Build.0 = Debug|Any CPU
		{928DF50E-8D79-4692-BE67-28E23280CC7E}.Release|Any CPU.ActiveCfg = Release|Any CPU
		{928DF50E-8D79-4692-BE67-28E23280CC7E}.Release|Any CPU.Build.0 = Release|Any CPU
		{C9DD9419-2624-42CD-B85F-1E86FA6E0FFA}.Debug|Any CPU.ActiveCfg = Debug|Any CPU
		{C9DD9419-2624-42CD-B85F-1E86FA6E0FFA}.Debug|Any CPU.Build.0 = Debug|Any CPU
		{C9DD9419-2624-42CD-B85F-1E86FA6E0FFA}.Release|Any CPU.ActiveCfg = Release|Any CPU
		{C9DD9419-2624-42CD-B85F-1E86FA6E0FFA}.Release|Any CPU.Build.0 = Release|Any CPU
		{C29D8915-8D7C-457B-85F7-9FD6E5370129}.Debug|Any CPU.ActiveCfg = Debug|Any CPU
		{C29D8915-8D7C-457B-85F7-9FD6E5370129}.Debug|Any CPU.Build.0 = Debug|Any CPU
		{C29D8915-8D7C-457B-85F7-9FD6E5370129}.Release|Any CPU.ActiveCfg = Release|Any CPU
		{C29D8915-8D7C-457B-85F7-9FD6E5370129}.Release|Any CPU.Build.0 = Release|Any CPU
		{D90E77D7-6F5E-42FD-82D1-3CA97E7CB09D}.Debug|Any CPU.ActiveCfg = Debug|Any CPU
		{D90E77D7-6F5E-42FD-82D1-3CA97E7CB09D}.Debug|Any CPU.Build.0 = Debug|Any CPU
		{D90E77D7-6F5E-42FD-82D1-3CA97E7CB09D}.Release|Any CPU.ActiveCfg = Release|Any CPU
		{D90E77D7-6F5E-42FD-82D1-3CA97E7CB09D}.Release|Any CPU.Build.0 = Release|Any CPU
		{0E51B62D-35D7-4388-A987-EF43E06230A4}.Debug|Any CPU.ActiveCfg = Debug|Any CPU
		{0E51B62D-35D7-4388-A987-EF43E06230A4}.Debug|Any CPU.Build.0 = Debug|Any CPU
		{0E51B62D-35D7-4388-A987-EF43E06230A4}.Release|Any CPU.ActiveCfg = Release|Any CPU
		{0E51B62D-35D7-4388-A987-EF43E06230A4}.Release|Any CPU.Build.0 = Release|Any CPU
		{98D264A8-0A59-433C-BCFE-7CD41F8D4306}.Debug|Any CPU.ActiveCfg = Debug|Any CPU
		{98D264A8-0A59-433C-BCFE-7CD41F8D4306}.Debug|Any CPU.Build.0 = Debug|Any CPU
		{98D264A8-0A59-433C-BCFE-7CD41F8D4306}.Release|Any CPU.ActiveCfg = Release|Any CPU
		{98D264A8-0A59-433C-BCFE-7CD41F8D4306}.Release|Any CPU.Build.0 = Release|Any CPU
		{A4DEB96B-96DF-4F39-9042-DFF830417121}.Debug|Any CPU.ActiveCfg = Debug|Any CPU
		{A4DEB96B-96DF-4F39-9042-DFF830417121}.Debug|Any CPU.Build.0 = Debug|Any CPU
		{A4DEB96B-96DF-4F39-9042-DFF830417121}.Release|Any CPU.ActiveCfg = Release|Any CPU
		{A4DEB96B-96DF-4F39-9042-DFF830417121}.Release|Any CPU.Build.0 = Release|Any CPU
		{0694DABB-F153-48F9-88B7-32F3F7E7B626}.Debug|Any CPU.ActiveCfg = Debug|Any CPU
		{0694DABB-F153-48F9-88B7-32F3F7E7B626}.Debug|Any CPU.Build.0 = Debug|Any CPU
		{0694DABB-F153-48F9-88B7-32F3F7E7B626}.Release|Any CPU.ActiveCfg = Release|Any CPU
		{0694DABB-F153-48F9-88B7-32F3F7E7B626}.Release|Any CPU.Build.0 = Release|Any CPU
		{9E56C8BE-8836-4382-BEA0-2AB4C44F5A34}.Debug|Any CPU.ActiveCfg = Debug|Any CPU
		{9E56C8BE-8836-4382-BEA0-2AB4C44F5A34}.Debug|Any CPU.Build.0 = Debug|Any CPU
		{9E56C8BE-8836-4382-BEA0-2AB4C44F5A34}.Release|Any CPU.ActiveCfg = Release|Any CPU
		{9E56C8BE-8836-4382-BEA0-2AB4C44F5A34}.Release|Any CPU.Build.0 = Release|Any CPU
		{9E978633-1686-4293-98E6-C9373587D670}.Debug|Any CPU.ActiveCfg = Debug|Any CPU
		{9E978633-1686-4293-98E6-C9373587D670}.Debug|Any CPU.Build.0 = Debug|Any CPU
		{9E978633-1686-4293-98E6-C9373587D670}.Release|Any CPU.ActiveCfg = Release|Any CPU
		{9E978633-1686-4293-98E6-C9373587D670}.Release|Any CPU.Build.0 = Release|Any CPU
		{0CDCEAC1-782E-40E3-B9D9-5A7CCE65D39C}.Debug|Any CPU.ActiveCfg = Debug|Any CPU
		{0CDCEAC1-782E-40E3-B9D9-5A7CCE65D39C}.Debug|Any CPU.Build.0 = Debug|Any CPU
		{0CDCEAC1-782E-40E3-B9D9-5A7CCE65D39C}.Release|Any CPU.ActiveCfg = Release|Any CPU
		{0CDCEAC1-782E-40E3-B9D9-5A7CCE65D39C}.Release|Any CPU.Build.0 = Release|Any CPU
	EndGlobalSection
	GlobalSection(SolutionProperties) = preSolution
		HideSolutionNode = FALSE
	EndGlobalSection
EndGlobal
